{
  "pins" : [
    {
      "identity" : "simprokmachine-ios",
      "kind" : "remoteSourceControl",
      "location" : "https://github.com/simprok-dev/simprokmachine-ios.git",
      "state" : {
        "revision" : "227820ae2d03498f34539f6963dc6b10611b59e1",
        "version" : "1.2.20"
      }
    },
    {
      "identity" : "simprokstate-ios",
      "kind" : "remoteSourceControl",
      "location" : "https://github.com/simprok-dev/simprokstate-ios.git",
      "state" : {
        "revision" : "d1d2d2d95716a1d3379f68c3746b99c24bba6500",
        "version" : "1.2.39"
      }
    }
  ],
  "version" : 2
}
