{
  "pins" : [
    {
      "identity" : "simprokmachine-ios",
      "kind" : "remoteSourceControl",
      "location" : "https://github.com/simprok-dev/simprokmachine-ios.git",
      "state" : {
        "revision" : "19d1013e329feac8e37e047fb98f1b9c49fa93bc",
        "version" : "1.2.1"
      }
    },
    {
      "identity" : "simprokstate-ios",
      "kind" : "remoteSourceControl",
      "location" : "https://github.com/simprok-dev/simprokstate-ios.git",
      "state" : {
        "revision" : "6919c8c4d95ad2b962c4bf30c4e6f6f79d90bcdc",
        "version" : "1.2.12"
      }
    }
  ],
  "version" : 2
}
