{
  "pins" : [
    {
      "identity" : "simprokmachine-ios",
      "kind" : "remoteSourceControl",
      "location" : "https://github.com/simprok-dev/simprokmachine-ios.git",
      "state" : {
        "revision" : "db96ad00c301019b8b95e28154f66c623054b457",
        "version" : "1.2.41"
      }
    },
    {
      "identity" : "simprokstate-ios",
      "kind" : "remoteSourceControl",
      "location" : "https://github.com/simprok-dev/simprokstate-ios.git",
      "state" : {
        "revision" : "b344b9bd78bf56d14b15d3e7e3e495ba736deb02",
        "version" : "1.2.60"
      }
    }
  ],
  "version" : 2
}
